
Microsoft Visual Studio Solution File, Format Version 12.00
# Visual Studio Version 17
VisualStudioVersion = 17.1.32421.90
MinimumVisualStudioVersion = 10.0.40219.1
Project("{FAE04EC0-301F-11D3-BF4B-00C04F79EFBC}") = "BD-TuttoAuto", "BD-TuttoAuto\BD-TuttoAuto.csproj", "{2138BC50-A1AB-4AF1-B04D-ACD5B43730A6}"
EndProject
Global
	GlobalSection(SolutionConfigurationPlatforms) = preSolution
		Debug|Any CPU = Debug|Any CPU
		Release|Any CPU = Release|Any CPU
	EndGlobalSection
	GlobalSection(ProjectConfigurationPlatforms) = postSolution
		{2138BC50-A1AB-4AF1-B04D-ACD5B43730A6}.Debug|Any CPU.ActiveCfg = Debug|Any CPU
		{2138BC50-A1AB-4AF1-B04D-ACD5B43730A6}.Debug|Any CPU.Build.0 = Debug|Any CPU
		{2138BC50-A1AB-4AF1-B04D-ACD5B43730A6}.Release|Any CPU.ActiveCfg = Release|Any CPU
		{2138BC50-A1AB-4AF1-B04D-ACD5B43730A6}.Release|Any CPU.Build.0 = Release|Any CPU
	EndGlobalSection
	GlobalSection(SolutionProperties) = preSolution
		HideSolutionNode = FALSE
	EndGlobalSection
	GlobalSection(ExtensibilityGlobals) = postSolution
		SolutionGuid = {B0F524AB-B86F-44B9-B032-2AACDCB01863}
	EndGlobalSection
EndGlobal
